{
  "name": "meijie-wasm",
  "version": "1.0.0",
  "lockfileVersion": 3,
  "requires": true,
  "packages": {
    "": {
      "name": "meijie-wasm",
      "version": "1.0.0",
      "license": "ISC",
      "workspaces": [
        "packages/wasm-draco"
      ]
    },
    "node_modules/wasm-draco": {
      "resolved": "packages/wasm-draco",
      "link": true
    },
    "packages/wasm-draco": {
      "version": "1.0.0",
      "license": "ISC"
    }
  }
}
